{
  "name": "@nekobird/drag-pointer",
  "version": "1.0.0",
  "lockfileVersion": 1,
  "requires": true,
  "dependencies": {
    "@nekobird/doko": {
      "version": "0.0.1",
      "resolved": "https://registry.npmjs.org/@nekobird/doko/-/doko-0.0.1.tgz",
      "integrity": "sha512-ETIuKZMVSclyWP3MsDfF/NR0i3yGXxK4uTi0lB+j8cH4SCH1GdBCH/XyWECqPS1W9N0uTyReO73DotEiMX354g==",
      "requires": {
        "@nekobird/piko": "0.0.2"
      },
      "dependencies": {
        "@nekobird/piko": {
          "version": "0.0.2",
          "resolved": "https://registry.npmjs.org/@nekobird/piko/-/piko-0.0.2.tgz",
          "integrity": "sha512-rUeRFEQS8ESurqG5w1Y8ppeHZ8yJrDngiGhjrPUDg+/TVGAwu7Mx+fKY7gcV0EeTgZgnc8bVGZU1ZrEzA9klkw=="
        }
      }
    },
    "@nekobird/piko": {
      "version": "0.0.5",
      "resolved": "https://registry.npmjs.org/@nekobird/piko/-/piko-0.0.5.tgz",
      "integrity": "sha512-dc4gnKzRS7MKCfGcZGRSQrr1mu7+FjHTwK3xFCXIDZhtkov7xiohlo1iNp2xkA6a3KVC51RwWwpbPRSxmKpQng=="
    },
    "@nekobird/vector2": {
      "version": "0.0.1",
      "resolved": "https://registry.npmjs.org/@nekobird/vector2/-/vector2-0.0.1.tgz",
      "integrity": "sha512-wwBnaBy0JW5aeiCRWiitPW6Nl2qV1GivINszos6JtMrNJqmR6HNM9SxmH1Djfbf4yzMBnRB0pda31cMwSCxDLA==",
      "requires": {
        "@nekobird/piko": "0.0.2"
      },
      "dependencies": {
        "@nekobird/piko": {
          "version": "0.0.2",
          "resolved": "https://registry.npmjs.org/@nekobird/piko/-/piko-0.0.2.tgz",
          "integrity": "sha512-rUeRFEQS8ESurqG5w1Y8ppeHZ8yJrDngiGhjrPUDg+/TVGAwu7Mx+fKY7gcV0EeTgZgnc8bVGZU1ZrEzA9klkw=="
        }
      }
    }
  }
}
