{
  "name": "@nekobird/drag-pointer",
  "version": "1.0.0",
  "lockfileVersion": 1,
  "requires": true,
  "dependencies": {
    "@nekobird/piko": {
      "version": "0.0.5",
      "resolved": "https://registry.npmjs.org/@nekobird/piko/-/piko-0.0.5.tgz",
      "integrity": "sha512-dc4gnKzRS7MKCfGcZGRSQrr1mu7+FjHTwK3xFCXIDZhtkov7xiohlo1iNp2xkA6a3KVC51RwWwpbPRSxmKpQng=="
    }
  }
}
